# This file is automatically @generated by Cargo.
# It is not intended for manual editing.
version = 3

[[package]]
name = "f_messages"
version = "0.1.0"
source = "git+https://github.com/StevenMaharaj/FMessages?branch=master#ecda44e43ae68e24384c51e50f2b6e04d40f756c"

[[package]]
name = "learning_cargo"
version = "0.1.0"
dependencies = [
 "f_messages",
]
